
Microsoft Visual Studio Solution File, Format Version 12.00
# Visual Studio Version 17
VisualStudioVersion = 17.4.33213.308
MinimumVisualStudioVersion = 10.0.40219.1
Project("{FAE04EC0-301F-11D3-BF4B-00C04F79EFBC}") = "Inventory", "Inventory\Inventory.csproj", "{887FC8AF-4891-4EB9-A12A-72265B479B55}"
EndProject
Global
	GlobalSection(SolutionConfigurationPlatforms) = preSolution
		Debug|Any CPU = Debug|Any CPU
		Release|Any CPU = Release|Any CPU
	EndGlobalSection
	GlobalSection(ProjectConfigurationPlatforms) = postSolution
		{887FC8AF-4891-4EB9-A12A-72265B479B55}.Debug|Any CPU.ActiveCfg = Debug|Any CPU
		{887FC8AF-4891-4EB9-A12A-72265B479B55}.Debug|Any CPU.Build.0 = Debug|Any CPU
		{887FC8AF-4891-4EB9-A12A-72265B479B55}.Release|Any CPU.ActiveCfg = Release|Any CPU
		{887FC8AF-4891-4EB9-A12A-72265B479B55}.Release|Any CPU.Build.0 = Release|Any CPU
	EndGlobalSection
	GlobalSection(SolutionProperties) = preSolution
		HideSolutionNode = FALSE
	EndGlobalSection
	GlobalSection(ExtensibilityGlobals) = postSolution
		SolutionGuid = {2987E2B1-90AB-4436-85F4-8578D0D9E0E2}
	EndGlobalSection
EndGlobal
